{
  "name": "pareto-core-refiner",
  "version": "0.1.8",
  "lockfileVersion": 3,
  "requires": true,
  "packages": {
    "": {
      "name": "pareto-core-refiner",
      "version": "0.1.8",
      "license": "ISC",
      "dependencies": {
        "pareto-core-internals": "^0.24.13"
      }
    },
    "node_modules/pareto-core-interface": {
      "version": "0.1.14",
      "resolved": "https://registry.npmjs.org/pareto-core-interface/-/pareto-core-interface-0.1.14.tgz",
      "integrity": "sha512-k5n0rKKMwsFzPFfGt5b8OWypFb8t3ctw6pEkj/B71OBbBGtXYoVQoNYxEpjZtUArv0Gfg4rcpwCU7d1pgyZQyQ==",
      "license": "Apache-2.0"
    },
    "node_modules/pareto-core-internals": {
      "version": "0.24.13",
      "resolved": "https://registry.npmjs.org/pareto-core-internals/-/pareto-core-internals-0.24.13.tgz",
      "integrity": "sha512-E5c9RSRXbSkloNC+UR+oCV1y/DtXSsHwdnZJe5IctRf95DxwwTLmhk/EFAsWwqnsTohEyGe+c+41JfrYk0QBzA==",
      "license": "ISC",
      "dependencies": {
        "pareto-core-interface": "^0.1.14"
      }
    }
  }
}
