{
  "name": "pareto-core-refiner",
  "version": "0.1.6",
  "lockfileVersion": 3,
  "requires": true,
  "packages": {
    "": {
      "name": "pareto-core-refiner",
      "version": "0.1.6",
      "license": "ISC",
      "dependencies": {
        "pareto-core-internals": "^0.24.11"
      }
    },
    "node_modules/pareto-core-interface": {
      "version": "0.1.7",
      "resolved": "https://registry.npmjs.org/pareto-core-interface/-/pareto-core-interface-0.1.7.tgz",
      "integrity": "sha512-oztFNQDeU6u+7qdB/R1Ro7/0yEtBJboQOBuxnGncAOSkz+XnclPugol4yzjnJsEY/pFE9edjSu95+hGa9l1dcQ==",
      "license": "Apache-2.0"
    },
    "node_modules/pareto-core-internals": {
      "version": "0.24.11",
      "resolved": "https://registry.npmjs.org/pareto-core-internals/-/pareto-core-internals-0.24.11.tgz",
      "integrity": "sha512-XSJbeK0gcwtYD1sAKz/zl2IXaE7FAaKASe0YlQVAEcjznmmoWAjTMDbW+T2E/tGzrESMnm9Gvb6EYBRCOY+RNg==",
      "license": "ISC",
      "dependencies": {
        "pareto-core-interface": "^0.1.6"
      }
    }
  }
}
